# THIS IS AN AUTOGENERATED FILE. DO NOT EDIT THIS FILE DIRECTLY.
# yarn lockfile v1


"@libsql/client@^0.15.6":
  version "0.15.6"
  resolved "https://registry.yarnpkg.com/@libsql/client/-/client-0.15.6.tgz#80898e9e934822d1045ca5074de307c91a4ff38c"
  integrity sha512-oBZPKs8lhm3ndiqEI1yAi3mYjLieOHKlRQYCiJ8itMydJUSXoHlCbB/k9FlZPYb50tbeJ/A5H92hX/D/BlTjEA==
  dependencies:
    "@libsql/core" "^0.15.6"
    "@libsql/hrana-client" "^0.7.0"
    js-base64 "^3.7.5"
    libsql "^0.5.10"
    promise-limit "^2.7.0"

"@libsql/core@^0.15.6":
  version "0.15.6"
  resolved "https://registry.yarnpkg.com/@libsql/core/-/core-0.15.6.tgz#2d64e3285681f488fab3f01fcacf39edcf080c98"
  integrity sha512-eqxxwB5Wsd4xxqt+RAVIAP05IobrBe6LFH4nSgGAE5dWauTlpMByVsYchYjvVdDSHk3EnByKJlSQuNr0RQiFxA==
  dependencies:
    js-base64 "^3.7.5"

"@libsql/darwin-arm64@0.5.10":
  version "0.5.10"
  resolved "https://registry.yarnpkg.com/@libsql/darwin-arm64/-/darwin-arm64-0.5.10.tgz#26c93808e55c23684391c42550a8a441e7cf6527"
  integrity sha512-6l3jdGdbEkd6yrkrZEDePOJOe4RT83FT43kCjjOp3yD7xKVq6tnAHcGqEna9YBy8EyR/4NeaiODx2+kwKjqnYQ==

"@libsql/darwin-x64@0.5.10":
  version "0.5.10"
  resolved "https://registry.yarnpkg.com/@libsql/darwin-x64/-/darwin-x64-0.5.10.tgz#30c6b303b58ebaee4e88b9faab9009001ea4b720"
  integrity sha512-v9wBv2QzKXdgPmUU5a6Vt+Hue7FQygorjYKA0MtC9mkA2FHxpEwD3GXAMnrVmhovN5Jykdq6V4/MvX+fVZPafw==

"@libsql/hrana-client@^0.7.0":
  version "0.7.0"
  resolved "https://registry.yarnpkg.com/@libsql/hrana-client/-/hrana-client-0.7.0.tgz#c059d8106b9d40dd931217333710aff2ceb5216e"
  integrity sha512-OF8fFQSkbL7vJY9rfuegK1R7sPgQ6kFMkDamiEccNUvieQ+3urzfDFI616oPl8V7T9zRmnTkSjMOImYCAVRVuw==
  dependencies:
    "@libsql/isomorphic-fetch" "^0.3.1"
    "@libsql/isomorphic-ws" "^0.1.5"
    js-base64 "^3.7.5"
    node-fetch "^3.3.2"

"@libsql/isomorphic-fetch@^0.3.1":
  version "0.3.1"
  resolved "https://registry.yarnpkg.com/@libsql/isomorphic-fetch/-/isomorphic-fetch-0.3.1.tgz#42023816d5645a5a3f3a78bb3899bdc5814c7b88"
  integrity sha512-6kK3SUK5Uu56zPq/Las620n5aS9xJq+jMBcNSOmjhNf/MUvdyji4vrMTqD7ptY7/4/CAVEAYDeotUz60LNQHtw==

"@libsql/isomorphic-ws@^0.1.5":
  version "0.1.5"
  resolved "https://registry.yarnpkg.com/@libsql/isomorphic-ws/-/isomorphic-ws-0.1.5.tgz#e2d1faf965ba0f3be9301fbf5640164d03c4e606"
  integrity sha512-DtLWIH29onUYR00i0GlQ3UdcTRC6EP4u9w/h9LxpUZJWRMARk6dQwZ6Jkd+QdwVpuAOrdxt18v0K2uIYR3fwFg==
  dependencies:
    "@types/ws" "^8.5.4"
    ws "^8.13.0"

"@libsql/linux-arm-gnueabihf@0.5.10":
  version "0.5.10"
  resolved "https://registry.yarnpkg.com/@libsql/linux-arm-gnueabihf/-/linux-arm-gnueabihf-0.5.10.tgz#a888aa4801102120beae8ae0d9f63ce69c80627e"
  integrity sha512-gpMYoTZRg6xs1XKIMMkPRvIbbPqMMMN3RE280EUp5StPDFjMGHXIHUIoSxcOCChoVy2p4oVnCzlIBnWUtbaSaw==

"@libsql/linux-arm-musleabihf@0.5.10":
  version "0.5.10"
  resolved "https://registry.yarnpkg.com/@libsql/linux-arm-musleabihf/-/linux-arm-musleabihf-0.5.10.tgz#ab895f272de61a5175963ed402a123d7343aaee9"
  integrity sha512-bFaVoDjA+aqkGCtFuwoYZwSSBfFbk3YcgRE5Mijojd+c6xxiB0tc1zbQ8r7e6Cuf72URZA0YQlP6puW/AngGew==

"@libsql/linux-arm64-gnu@0.5.10":
  version "0.5.10"
  resolved "https://registry.yarnpkg.com/@libsql/linux-arm64-gnu/-/linux-arm64-gnu-0.5.10.tgz#b88474cb35e2c51799054d5826bb731087fac833"
  integrity sha512-MOkIhb9Uje7dUySK2Qozb+Wm376/0NkhhD8/O9XNq3zQGXCv21z2TUDynXJVjA7Yjo6mfIF/u9YLUmJYmNvIgg==

"@libsql/linux-arm64-musl@0.5.10":
  version "0.5.10"
  resolved "https://registry.yarnpkg.com/@libsql/linux-arm64-musl/-/linux-arm64-musl-0.5.10.tgz#a8376fe0188f8bcde06f1b9da9aa0c1f1243c42d"
  integrity sha512-alnkTFERZy4n+6AniYUPZFtTSHu1CJo/HFcv3ZzAsRWagd7/3/MsPtfCvCmhOHjMuKS9qvPgbge16ynE8sx+4Q==

"@libsql/linux-x64-gnu@0.5.10":
  version "0.5.10"
  resolved "https://registry.yarnpkg.com/@libsql/linux-x64-gnu/-/linux-x64-gnu-0.5.10.tgz#00c673c0c45f85e988297231f32c020db8970e68"
  integrity sha512-sS1+59EzUtIunJMIN0kW98+xlOeizR6b+MbznNNkYwxxitBFVUdnKPVY72F66fYVD4xjzrk9JWCGvcNr+1xM4g==

"@libsql/linux-x64-musl@0.5.10":
  version "0.5.10"
  resolved "https://registry.yarnpkg.com/@libsql/linux-x64-musl/-/linux-x64-musl-0.5.10.tgz#1825e2857b7b10bebde104c8f97dec164a14b508"
  integrity sha512-Ujv2KyHPSnTKQyl7I0m8MsWNvo4pIQ3ZruXJYYLQWVe8WkvErmucV55GIcSExd+06Uzh3qq/A/SH8s47xpCpFw==

"@libsql/win32-x64-msvc@0.5.10":
  version "0.5.10"
  resolved "https://registry.yarnpkg.com/@libsql/win32-x64-msvc/-/win32-x64-msvc-0.5.10.tgz#d66e3828d5eef3bd76d526f6c4e59276e201d69d"
  integrity sha512-wZMMsw1mq/lhX6qtG7q/eDKmGOT/Kyb4fgpq1d6yz2MkZUGTSXKse05eYIzkW5nS/BTeeb0S6RkTgaFVOXdmNw==

"@neon-rs/load@^0.0.4":
  version "0.0.4"
  resolved "https://registry.yarnpkg.com/@neon-rs/load/-/load-0.0.4.tgz#2a2a3292c6f1fef043f49886712d3c96a547532e"
  integrity sha512-kTPhdZyTQxB+2wpiRcFWrDcejc4JI6tkPuS7UZCG4l6Zvc5kU/gGQ/ozvHTh1XR5tS+UlfAfGuPajjzQjCiHCw==

"@types/node@*":
  version "20.11.18"
  resolved "https://registry.yarnpkg.com/@types/node/-/node-20.11.18.tgz#06912d152e47c2ac0a393c62141e623ca6005d46"
  integrity sha512-ABT5VWnnYneSBcNWYSCuR05M826RoMyMSGiFivXGx6ZUIsXb9vn4643IEwkg2zbEOSgAiSogtapN2fgc4mAPlw==
  dependencies:
    undici-types "~5.26.4"

"@types/ws@^8.5.4":
  version "8.5.10"
  resolved "https://registry.yarnpkg.com/@types/ws/-/ws-8.5.10.tgz#4acfb517970853fa6574a3a6886791d04a396787"
  integrity sha512-vmQSUcfalpIq0R9q7uTo2lXs6eGIpt9wtnLdMv9LVpIjCA/+ufZRozlVoVelIYixx1ugCBKDhn89vnsEGOCx9A==
  dependencies:
    "@types/node" "*"

data-uri-to-buffer@^4.0.0:
  version "4.0.1"
  resolved "https://registry.yarnpkg.com/data-uri-to-buffer/-/data-uri-to-buffer-4.0.1.tgz#d8feb2b2881e6a4f58c2e08acfd0e2834e26222e"
  integrity sha512-0R9ikRb668HB7QDxT1vkpuUBtqc53YyAwMwGeUFKRojY/NWKvdZ+9UYtRfGmhqNbRkTSVpMbmyhXipFFv2cb/A==

dayjs@^1.11.10:
  version "1.11.10"
  resolved "https://registry.yarnpkg.com/dayjs/-/dayjs-1.11.10.tgz#68acea85317a6e164457d6d6947564029a6a16a0"
  integrity sha512-vjAczensTgRcqDERK0SR2XMwsF/tSvnvlv6VcF2GIhg6Sx4yOIt/irsr1RDJsKiIyBzJDpCoXiWWq28MqH2cnQ==

detect-libc@2.0.2:
  version "2.0.2"
  resolved "https://registry.yarnpkg.com/detect-libc/-/detect-libc-2.0.2.tgz#8ccf2ba9315350e1241b88d0ac3b0e1fbd99605d"
  integrity sha512-UX6sGumvvqSaXgdKGUsgZWqcUyIXZ/vZTrlRT/iobiKhGL0zL4d3osHj3uqllWJK+i+sixDS/3COVEOFbupFyw==

fetch-blob@^3.1.2, fetch-blob@^3.1.4:
  version "3.2.0"
  resolved "https://registry.yarnpkg.com/fetch-blob/-/fetch-blob-3.2.0.tgz#f09b8d4bbd45adc6f0c20b7e787e793e309dcce9"
  integrity sha512-7yAQpD2UMJzLi1Dqv7qFYnPbaPx7ZfFK6PiIxQ4PfkGPyNyl2Ugx+a/umUonmKqjhM4DnfbMvdX6otXq83soQQ==
  dependencies:
    node-domexception "^1.0.0"
    web-streams-polyfill "^3.0.3"

formdata-polyfill@^4.0.10:
  version "4.0.10"
  resolved "https://registry.yarnpkg.com/formdata-polyfill/-/formdata-polyfill-4.0.10.tgz#24807c31c9d402e002ab3d8c720144ceb8848423"
  integrity sha512-buewHzMvYL29jdeQTVILecSaZKnt/RJWjoZCF5OW60Z67/GmSLBkOFM7qh1PI3zFNtJbaZL5eQu1vLfazOwj4g==
  dependencies:
    fetch-blob "^3.1.2"

js-base64@^3.7.5:
  version "3.7.6"
  resolved "https://registry.yarnpkg.com/js-base64/-/js-base64-3.7.6.tgz#6ccb5d761b48381fd819f9ce04998866dbcbbc99"
  integrity sha512-NPrWuHFxFUknr1KqJRDgUQPexQF0uIJWjeT+2KjEePhitQxQEx5EJBG1lVn5/hc8aLycTpXrDOgPQ6Zq+EDiTA==

libsql@^0.5.10:
  version "0.5.10"
  resolved "https://registry.yarnpkg.com/libsql/-/libsql-0.5.10.tgz#3d407e3aaabe352e1c671f127f271c09ed4cf6b3"
  integrity sha512-lQu5RLqDLFuo6H5SuR3CnEstGVph77Jd8lm3fdW64p6tUjOC0X8Z9PlfAdZYxWyirYLH9uwcEZUrABsNKYwOiQ==
  dependencies:
    "@neon-rs/load" "^0.0.4"
    detect-libc "2.0.2"
  optionalDependencies:
    "@libsql/darwin-arm64" "0.5.10"
    "@libsql/darwin-x64" "0.5.10"
    "@libsql/linux-arm-gnueabihf" "0.5.10"
    "@libsql/linux-arm-musleabihf" "0.5.10"
    "@libsql/linux-arm64-gnu" "0.5.10"
    "@libsql/linux-arm64-musl" "0.5.10"
    "@libsql/linux-x64-gnu" "0.5.10"
    "@libsql/linux-x64-musl" "0.5.10"
    "@libsql/win32-x64-msvc" "0.5.10"

node-domexception@^1.0.0:
  version "1.0.0"
  resolved "https://registry.yarnpkg.com/node-domexception/-/node-domexception-1.0.0.tgz#6888db46a1f71c0b76b3f7555016b63fe64766e5"
  integrity sha512-/jKZoMpw0F8GRwl4/eLROPA3cfcXtLApP0QzLmUT/HuPCZWyB7IY9ZrMeKw2O/nFIqPQB3PVM9aYm0F312AXDQ==

node-fetch@^3.3.2:
  version "3.3.2"
  resolved "https://registry.yarnpkg.com/node-fetch/-/node-fetch-3.3.2.tgz#d1e889bacdf733b4ff3b2b243eb7a12866a0b78b"
  integrity sha512-dRB78srN/l6gqWulah9SrxeYnxeddIG30+GOqK/9OlLVyLg3HPnr6SqOWTWOXKRwC2eGYCkZ59NNuSgvSrpgOA==
  dependencies:
    data-uri-to-buffer "^4.0.0"
    fetch-blob "^3.1.4"
    formdata-polyfill "^4.0.10"

promise-limit@^2.7.0:
  version "2.7.0"
  resolved "https://registry.yarnpkg.com/promise-limit/-/promise-limit-2.7.0.tgz#eb5737c33342a030eaeaecea9b3d3a93cb592b26"
  integrity sha512-7nJ6v5lnJsXwGprnGXga4wx6d1POjvi5Qmf1ivTRxTjH4Z/9Czja/UCMLVmB9N93GeWOU93XaFaEt6jbuoagNw==

undici-types@~5.26.4:
  version "5.26.5"
  resolved "https://registry.yarnpkg.com/undici-types/-/undici-types-5.26.5.tgz#bcd539893d00b56e964fd2657a4866b221a65617"
  integrity sha512-JlCMO+ehdEIKqlFxk6IfVoAUVmgz7cU7zD/h9XZ0qzeosSHmUJVOzSQvvYSYWXkFXC+IfLKSIffhv0sVZup6pA==

web-streams-polyfill@^3.0.3:
  version "3.3.2"
  resolved "https://registry.yarnpkg.com/web-streams-polyfill/-/web-streams-polyfill-3.3.2.tgz#32e26522e05128203a7de59519be3c648004343b"
  integrity sha512-3pRGuxRF5gpuZc0W+EpwQRmCD7gRqcDOMt688KmdlDAgAyaB1XlN0zq2njfDNm44XVdIouE7pZ6GzbdyH47uIQ==

ws@^8.13.0:
  version "8.16.0"
  resolved "https://registry.yarnpkg.com/ws/-/ws-8.16.0.tgz#d1cd774f36fbc07165066a60e40323eab6446fd4"
  integrity sha512-HS0c//TP7Ina87TfiPUz1rQzMhHrl/SG2guqRcTOIUYD2q8uhUdNHZYJUaQ8aTGPzCh+c6oawMKW35nFl1dxyQ==
